
Microsoft Visual Studio Solution File, Format Version 12.00
# Visual Studio Version 17
VisualStudioVersion = 17.0.31903.59
MinimumVisualStudioVersion = 10.0.40219.1
Project("{2150E333-8FDC-42A3-9474-1A3956D46DE8}") = "src", "src", "{827E0CD3-B72D-47B6-A68D-7590B98EB39B}"
EndProject
Project("{2150E333-8FDC-42A3-9474-1A3956D46DE8}") = "Modules", "Modules", "{EC447DCF-ABFA-6E24-52A5-D7FD48A5C558}"
EndProject
Project("{2150E333-8FDC-42A3-9474-1A3956D46DE8}") = "Core", "Core", "{D6D160DD-AE2A-0C32-F31B-9BD72717AAF2}"
EndProject
Project("{FAE04EC0-301F-11D3-BF4B-00C04F79EFBC}") = "Records.Core.Application", "src\Modules\Core\Records.Core.Application\Records.Core.Application.csproj", "{7BF46209-728E-4401-ACD6-C1BA8E0295B8}"
EndProject
Project("{FAE04EC0-301F-11D3-BF4B-00C04F79EFBC}") = "Records.Core.Contracts", "src\Modules\Core\Records.Core.Contracts\Records.Core.Contracts.csproj", "{E2BD88D7-243B-4F35-B111-93F2324D7BEC}"
EndProject
Project("{FAE04EC0-301F-11D3-BF4B-00C04F79EFBC}") = "Records.Core.Domain", "src\Modules\Core\Records.Core.Domain\Records.Core.Domain.csproj", "{D3FDD3E9-67C5-4800-A862-B096F60382DD}"
EndProject
Project("{FAE04EC0-301F-11D3-BF4B-00C04F79EFBC}") = "Records.Core.Infrastructure.Sql", "src\Modules\Core\Records.Core.Infrastructure.Sql\Records.Core.Infrastructure.Sql.csproj", "{C9AA4FAB-6DE0-4D08-885B-C5EFAC105333}"
EndProject
Project("{FAE04EC0-301F-11D3-BF4B-00C04F79EFBC}") = "Records.Core.Tests", "src\Modules\Core\Records.Core.Tests\Records.Core.Tests.csproj", "{0693D8AF-BA47-4C77-A664-6B0FD7E174C0}"
EndProject
Project("{2150E333-8FDC-42A3-9474-1A3956D46DE8}") = "docs", "docs", "{F50E38A2-1360-4B22-8EBF-97E9633DB580}"
	ProjectSection(SolutionItems) = preProject
		docs\ARCHITECTURE.md = docs\ARCHITECTURE.md
		docs\PLAN.md = docs\PLAN.md
	EndProjectSection
EndProject
Project("{2150E333-8FDC-42A3-9474-1A3956D46DE8}") = "solution", "solution", "{C8934328-46D7-4DEE-8103-709C8D0CDF5F}"
	ProjectSection(SolutionItems) = preProject
		AGENTS.md = AGENTS.md
		README.md = README.md
		.gitignore = .gitignore
	EndProjectSection
EndProject
Project("{FAE04EC0-301F-11D3-BF4B-00C04F79EFBC}") = "Records.App.Server", "src\Records.App.Server\Records.App.Server.csproj", "{EB68BDB0-8C42-4AF2-9749-4A62A5985364}"
EndProject
Project("{FAE04EC0-301F-11D3-BF4B-00C04F79EFBC}") = "Records.App.Infrastructure.Security", "src\Records.App.Infrastructure.Security\Records.App.Infrastructure.Security.csproj", "{D4612641-B20A-449C-B962-392836B6054C}"
EndProject
Project("{2150E333-8FDC-42A3-9474-1A3956D46DE8}") = "Users", "Users", "{A26F344D-182E-CE53-AD51-2154946AC6F3}"
EndProject
Project("{FAE04EC0-301F-11D3-BF4B-00C04F79EFBC}") = "Records.Users.Domain", "src\Modules\Users\Records.Users.Domain\Records.Users.Domain.csproj", "{E55D2754-ADDB-43BC-933B-5880071F9C20}"
EndProject
Project("{FAE04EC0-301F-11D3-BF4B-00C04F79EFBC}") = "Records.Users.Contracts", "src\Modules\Users\Records.Users.Contracts\Records.Users.Contracts.csproj", "{0AE4627E-B8F2-454E-BDFD-BB56BB00D72A}"
EndProject
Project("{FAE04EC0-301F-11D3-BF4B-00C04F79EFBC}") = "Records.Users.Application", "src\Modules\Users\Records.Users.Application\Records.Users.Application.csproj", "{221163FD-29AA-4691-B919-205BEB023AA1}"
EndProject
Project("{FAE04EC0-301F-11D3-BF4B-00C04F79EFBC}") = "Records.Users.Infrastructure.Sql", "src\Modules\Users\Records.Users.Infrastructure.Sql\Records.Users.Infrastructure.Sql.csproj", "{F014BCB8-5062-4477-8259-9269CB7DF1FC}"
EndProject
Project("{FAE04EC0-301F-11D3-BF4B-00C04F79EFBC}") = "Records.Users.Tests", "src\Modules\Users\Records.Users.Tests\Records.Users.Tests.csproj", "{BCA51985-DE02-49A1-B30F-F6D8628C2972}"
EndProject
Project("{2150E333-8FDC-42A3-9474-1A3956D46DE8}") = "Tenants", "Tenants", "{F76A4D96-877B-5F50-AF00-5E9467FFFDF0}"
EndProject
Project("{FAE04EC0-301F-11D3-BF4B-00C04F79EFBC}") = "Records.Tenants.Domain", "src\Modules\Tenants\Records.Tenants.Domain\Records.Tenants.Domain.csproj", "{8DF34BBC-0E9B-4328-A881-3D049B038062}"
EndProject
Project("{FAE04EC0-301F-11D3-BF4B-00C04F79EFBC}") = "Records.Tenants.Contracts", "src\Modules\Tenants\Records.Tenants.Contracts\Records.Tenants.Contracts.csproj", "{DBCF1637-B499-43D8-88CA-B318BCD41A59}"
EndProject
Project("{FAE04EC0-301F-11D3-BF4B-00C04F79EFBC}") = "Records.Tenants.Application", "src\Modules\Tenants\Records.Tenants.Application\Records.Tenants.Application.csproj", "{AB909197-49A4-4012-A52A-268F35FC4570}"
EndProject
Project("{FAE04EC0-301F-11D3-BF4B-00C04F79EFBC}") = "Records.Tenants.Infrastructure.Sql", "src\Modules\Tenants\Records.Tenants.Infrastructure.Sql\Records.Tenants.Infrastructure.Sql.csproj", "{CAD444B9-7B93-4D03-BC7F-689E95BBC20E}"
EndProject
Project("{FAE04EC0-301F-11D3-BF4B-00C04F79EFBC}") = "Records.Tenants.Tests", "src\Modules\Tenants\Records.Tenants.Tests\Records.Tenants.Tests.csproj", "{EB91A266-A1F3-45C3-BB09-457DE03B8832}"
EndProject
Project("{2150E333-8FDC-42A3-9474-1A3956D46DE8}") = "Recordsets", "Recordsets", "{A9AEA8BE-78BD-9A3A-C716-FB02491DCB49}"
EndProject
Project("{FAE04EC0-301F-11D3-BF4B-00C04F79EFBC}") = "Records.Recordsets.Domain", "src\Modules\Recordsets\Records.Recordsets.Domain\Records.Recordsets.Domain.csproj", "{F14EFCFE-229E-4ED2-9BDE-001233265553}"
EndProject
Project("{FAE04EC0-301F-11D3-BF4B-00C04F79EFBC}") = "Records.Recordsets.Contracts", "src\Modules\Recordsets\Records.Recordsets.Contracts\Records.Recordsets.Contracts.csproj", "{525FABB7-44D0-4B70-BA43-E7B0EA3603AA}"
EndProject
Project("{FAE04EC0-301F-11D3-BF4B-00C04F79EFBC}") = "Records.Recordsets.Application", "src\Modules\Recordsets\Records.Recordsets.Application\Records.Recordsets.Application.csproj", "{652C9BC2-88C0-42CC-9BE5-0F18E633759D}"
EndProject
Project("{FAE04EC0-301F-11D3-BF4B-00C04F79EFBC}") = "Records.Recordsets.Infrastructure.Sql", "src\Modules\Recordsets\Records.Recordsets.Infrastructure.Sql\Records.Recordsets.Infrastructure.Sql.csproj", "{AC1CB33F-DAA1-4FCD-BACF-C38E08DFEA41}"
EndProject
Project("{FAE04EC0-301F-11D3-BF4B-00C04F79EFBC}") = "Records.Recordsets.Tests", "src\Modules\Recordsets\Records.Recordsets.Tests\Records.Recordsets.Tests.csproj", "{7AE890F3-FCE5-417C-8078-ED8311EC5295}"
EndProject
Project("{2150E333-8FDC-42A3-9474-1A3956D46DE8}") = "Clocks", "Clocks", "{1656CB11-2714-42E5-B9E9-E2E9409AA44F}"
EndProject
Project("{FAE04EC0-301F-11D3-BF4B-00C04F79EFBC}") = "Records.Clocks.Domain", "src\Modules\Clocks\Records.Clocks.Domain\Records.Clocks.Domain.csproj", "{4E8E3B2F-99A9-48C4-BEF1-E491F2843CDF}"
EndProject
Project("{FAE04EC0-301F-11D3-BF4B-00C04F79EFBC}") = "Records.Clocks.Contracts", "src\Modules\Clocks\Records.Clocks.Contracts\Records.Clocks.Contracts.csproj", "{25982B7C-ADB8-41EE-B1C3-7C759DF3E946}"
EndProject
Project("{FAE04EC0-301F-11D3-BF4B-00C04F79EFBC}") = "Records.Clocks.Application", "src\Modules\Clocks\Records.Clocks.Application\Records.Clocks.Application.csproj", "{3A18CC31-D49C-4C99-AE62-03FE097C6376}"
EndProject
Project("{FAE04EC0-301F-11D3-BF4B-00C04F79EFBC}") = "Records.Clocks.Infrastructure.Sql", "src\Modules\Clocks\Records.Clocks.Infrastructure.Sql\Records.Clocks.Infrastructure.Sql.csproj", "{F3BF3E69-A9F5-4544-8381-B7EB13FA178F}"
EndProject
Project("{FAE04EC0-301F-11D3-BF4B-00C04F79EFBC}") = "Records.Clocks.Tests", "src\Modules\Clocks\Records.Clocks.Tests\Records.Clocks.Tests.csproj", "{B6C45E6A-76CE-476F-80A8-98136D4BE631}"
EndProject
Project("{FAE04EC0-301F-11D3-BF4B-00C04F79EFBC}") = "Records.Tenants.Presentation", "src\Modules\Tenants\Records.Tenants.Presentation\Records.Tenants.Presentation.csproj", "{312853C6-0962-4AF9-A56E-541FE4931CAA}"
EndProject
Project("{FAE04EC0-301F-11D3-BF4B-00C04F79EFBC}") = "Records.Users.Presentation", "src\Modules\Users\Records.Users.Presentation\Records.Users.Presentation.csproj", "{027E44F9-DE9D-4174-A4B9-85E7DE61532A}"
EndProject
Project("{FAE04EC0-301F-11D3-BF4B-00C04F79EFBC}") = "Records.Recordsets.Presentation", "src\Modules\Recordsets\Records.Recordsets.Presentation\Records.Recordsets.Presentation.csproj", "{C68AFA5D-4DB1-45BC-AD10-A3D55F10DAD5}"
EndProject
Project("{FAE04EC0-301F-11D3-BF4B-00C04F79EFBC}") = "Records.Clocks.Presentation", "src\Modules\Clocks\Records.Clocks.Presentation\Records.Clocks.Presentation.csproj", "{C9B9BECD-8BF4-4BB1-A329-1309646EFBF2}"
EndProject
Project("{2150E333-8FDC-42A3-9474-1A3956D46DE8}") = "Notifications", "Notifications", "{DE9DAF8A-E684-0FD3-FFDC-40D3E3158533}"
EndProject
Project("{FAE04EC0-301F-11D3-BF4B-00C04F79EFBC}") = "Records.Notifications.Domain", "src\Modules\Notifications\Records.Notifications.Domain\Records.Notifications.Domain.csproj", "{D99B5862-9EC2-42E7-A513-C2D12CA053E7}"
EndProject
Project("{FAE04EC0-301F-11D3-BF4B-00C04F79EFBC}") = "Records.Notifications.Contracts", "src\Modules\Notifications\Records.Notifications.Contracts\Records.Notifications.Contracts.csproj", "{77C327BA-E621-4B9A-9896-1275F9616E22}"
EndProject
Project("{FAE04EC0-301F-11D3-BF4B-00C04F79EFBC}") = "Records.Notifications.Application", "src\Modules\Notifications\Records.Notifications.Application\Records.Notifications.Application.csproj", "{5839DE2E-34F7-4C07-A3BE-A8F2C3835314}"
EndProject
Project("{FAE04EC0-301F-11D3-BF4B-00C04F79EFBC}") = "Records.Notifications.Infrastructure.Sql", "src\Modules\Notifications\Records.Notifications.Infrastructure.Sql\Records.Notifications.Infrastructure.Sql.csproj", "{5A296592-46EE-4928-90A2-9D959DC5F6BC}"
EndProject
Project("{FAE04EC0-301F-11D3-BF4B-00C04F79EFBC}") = "Records.Notifications.Tests", "src\Modules\Notifications\Records.Notifications.Tests\Records.Notifications.Tests.csproj", "{2227224C-D40B-4E6D-A84E-2DE2B1561FAA}"
EndProject
Project("{FAE04EC0-301F-11D3-BF4B-00C04F79EFBC}") = "Records.Notifications.Presentation", "src\Modules\Notifications\Records.Notifications.Presentation\Records.Notifications.Presentation.csproj", "{D9F492CA-8110-4C7F-8619-7B36B0D8D44A}"
EndProject
Global
	GlobalSection(SolutionConfigurationPlatforms) = preSolution
		Debug|Any CPU = Debug|Any CPU
		Debug|x64 = Debug|x64
		Debug|x86 = Debug|x86
		Release|Any CPU = Release|Any CPU
		Release|x64 = Release|x64
		Release|x86 = Release|x86
	EndGlobalSection
	GlobalSection(ProjectConfigurationPlatforms) = postSolution
		{7BF46209-728E-4401-ACD6-C1BA8E0295B8}.Debug|Any CPU.ActiveCfg = Debug|Any CPU
		{7BF46209-728E-4401-ACD6-C1BA8E0295B8}.Debug|Any CPU.Build.0 = Debug|Any CPU
		{7BF46209-728E-4401-ACD6-C1BA8E0295B8}.Debug|x64.ActiveCfg = Debug|Any CPU
		{7BF46209-728E-4401-ACD6-C1BA8E0295B8}.Debug|x64.Build.0 = Debug|Any CPU
		{7BF46209-728E-4401-ACD6-C1BA8E0295B8}.Debug|x86.ActiveCfg = Debug|Any CPU
		{7BF46209-728E-4401-ACD6-C1BA8E0295B8}.Debug|x86.Build.0 = Debug|Any CPU
		{7BF46209-728E-4401-ACD6-C1BA8E0295B8}.Release|Any CPU.ActiveCfg = Release|Any CPU
		{7BF46209-728E-4401-ACD6-C1BA8E0295B8}.Release|Any CPU.Build.0 = Release|Any CPU
		{7BF46209-728E-4401-ACD6-C1BA8E0295B8}.Release|x64.ActiveCfg = Release|Any CPU
		{7BF46209-728E-4401-ACD6-C1BA8E0295B8}.Release|x64.Build.0 = Release|Any CPU
		{7BF46209-728E-4401-ACD6-C1BA8E0295B8}.Release|x86.ActiveCfg = Release|Any CPU
		{7BF46209-728E-4401-ACD6-C1BA8E0295B8}.Release|x86.Build.0 = Release|Any CPU
		{E2BD88D7-243B-4F35-B111-93F2324D7BEC}.Debug|Any CPU.ActiveCfg = Debug|Any CPU
		{E2BD88D7-243B-4F35-B111-93F2324D7BEC}.Debug|Any CPU.Build.0 = Debug|Any CPU
		{E2BD88D7-243B-4F35-B111-93F2324D7BEC}.Debug|x64.ActiveCfg = Debug|Any CPU
		{E2BD88D7-243B-4F35-B111-93F2324D7BEC}.Debug|x64.Build.0 = Debug|Any CPU
		{E2BD88D7-243B-4F35-B111-93F2324D7BEC}.Debug|x86.ActiveCfg = Debug|Any CPU
		{E2BD88D7-243B-4F35-B111-93F2324D7BEC}.Debug|x86.Build.0 = Debug|Any CPU
		{E2BD88D7-243B-4F35-B111-93F2324D7BEC}.Release|Any CPU.ActiveCfg = Release|Any CPU
		{E2BD88D7-243B-4F35-B111-93F2324D7BEC}.Release|Any CPU.Build.0 = Release|Any CPU
		{E2BD88D7-243B-4F35-B111-93F2324D7BEC}.Release|x64.ActiveCfg = Release|Any CPU
		{E2BD88D7-243B-4F35-B111-93F2324D7BEC}.Release|x64.Build.0 = Release|Any CPU
		{E2BD88D7-243B-4F35-B111-93F2324D7BEC}.Release|x86.ActiveCfg = Release|Any CPU
		{E2BD88D7-243B-4F35-B111-93F2324D7BEC}.Release|x86.Build.0 = Release|Any CPU
		{D3FDD3E9-67C5-4800-A862-B096F60382DD}.Debug|Any CPU.ActiveCfg = Debug|Any CPU
		{D3FDD3E9-67C5-4800-A862-B096F60382DD}.Debug|Any CPU.Build.0 = Debug|Any CPU
		{D3FDD3E9-67C5-4800-A862-B096F60382DD}.Debug|x64.ActiveCfg = Debug|Any CPU
		{D3FDD3E9-67C5-4800-A862-B096F60382DD}.Debug|x64.Build.0 = Debug|Any CPU
		{D3FDD3E9-67C5-4800-A862-B096F60382DD}.Debug|x86.ActiveCfg = Debug|Any CPU
		{D3FDD3E9-67C5-4800-A862-B096F60382DD}.Debug|x86.Build.0 = Debug|Any CPU
		{D3FDD3E9-67C5-4800-A862-B096F60382DD}.Release|Any CPU.ActiveCfg = Release|Any CPU
		{D3FDD3E9-67C5-4800-A862-B096F60382DD}.Release|Any CPU.Build.0 = Release|Any CPU
		{D3FDD3E9-67C5-4800-A862-B096F60382DD}.Release|x64.ActiveCfg = Release|Any CPU
		{D3FDD3E9-67C5-4800-A862-B096F60382DD}.Release|x64.Build.0 = Release|Any CPU
		{D3FDD3E9-67C5-4800-A862-B096F60382DD}.Release|x86.ActiveCfg = Release|Any CPU
		{D3FDD3E9-67C5-4800-A862-B096F60382DD}.Release|x86.Build.0 = Release|Any CPU
		{C9AA4FAB-6DE0-4D08-885B-C5EFAC105333}.Debug|Any CPU.ActiveCfg = Debug|Any CPU
		{C9AA4FAB-6DE0-4D08-885B-C5EFAC105333}.Debug|Any CPU.Build.0 = Debug|Any CPU
		{C9AA4FAB-6DE0-4D08-885B-C5EFAC105333}.Debug|x64.ActiveCfg = Debug|Any CPU
		{C9AA4FAB-6DE0-4D08-885B-C5EFAC105333}.Debug|x64.Build.0 = Debug|Any CPU
		{C9AA4FAB-6DE0-4D08-885B-C5EFAC105333}.Debug|x86.ActiveCfg = Debug|Any CPU
		{C9AA4FAB-6DE0-4D08-885B-C5EFAC105333}.Debug|x86.Build.0 = Debug|Any CPU
		{C9AA4FAB-6DE0-4D08-885B-C5EFAC105333}.Release|Any CPU.ActiveCfg = Release|Any CPU
		{C9AA4FAB-6DE0-4D08-885B-C5EFAC105333}.Release|Any CPU.Build.0 = Release|Any CPU
		{C9AA4FAB-6DE0-4D08-885B-C5EFAC105333}.Release|x64.ActiveCfg = Release|Any CPU
		{C9AA4FAB-6DE0-4D08-885B-C5EFAC105333}.Release|x64.Build.0 = Release|Any CPU
		{C9AA4FAB-6DE0-4D08-885B-C5EFAC105333}.Release|x86.ActiveCfg = Release|Any CPU
		{C9AA4FAB-6DE0-4D08-885B-C5EFAC105333}.Release|x86.Build.0 = Release|Any CPU
		{0693D8AF-BA47-4C77-A664-6B0FD7E174C0}.Debug|Any CPU.ActiveCfg = Debug|Any CPU
		{0693D8AF-BA47-4C77-A664-6B0FD7E174C0}.Debug|Any CPU.Build.0 = Debug|Any CPU
		{0693D8AF-BA47-4C77-A664-6B0FD7E174C0}.Debug|x64.ActiveCfg = Debug|Any CPU
		{0693D8AF-BA47-4C77-A664-6B0FD7E174C0}.Debug|x64.Build.0 = Debug|Any CPU
		{0693D8AF-BA47-4C77-A664-6B0FD7E174C0}.Debug|x86.ActiveCfg = Debug|Any CPU
		{0693D8AF-BA47-4C77-A664-6B0FD7E174C0}.Debug|x86.Build.0 = Debug|Any CPU
		{0693D8AF-BA47-4C77-A664-6B0FD7E174C0}.Release|Any CPU.ActiveCfg = Release|Any CPU
		{0693D8AF-BA47-4C77-A664-6B0FD7E174C0}.Release|Any CPU.Build.0 = Release|Any CPU
		{0693D8AF-BA47-4C77-A664-6B0FD7E174C0}.Release|x64.ActiveCfg = Release|Any CPU
		{0693D8AF-BA47-4C77-A664-6B0FD7E174C0}.Release|x64.Build.0 = Release|Any CPU
		{0693D8AF-BA47-4C77-A664-6B0FD7E174C0}.Release|x86.ActiveCfg = Release|Any CPU
		{0693D8AF-BA47-4C77-A664-6B0FD7E174C0}.Release|x86.Build.0 = Release|Any CPU
		{EB68BDB0-8C42-4AF2-9749-4A62A5985364}.Debug|Any CPU.ActiveCfg = Debug|Any CPU
		{EB68BDB0-8C42-4AF2-9749-4A62A5985364}.Debug|Any CPU.Build.0 = Debug|Any CPU
		{EB68BDB0-8C42-4AF2-9749-4A62A5985364}.Debug|x64.ActiveCfg = Debug|Any CPU
		{EB68BDB0-8C42-4AF2-9749-4A62A5985364}.Debug|x64.Build.0 = Debug|Any CPU
		{EB68BDB0-8C42-4AF2-9749-4A62A5985364}.Debug|x86.ActiveCfg = Debug|Any CPU
		{EB68BDB0-8C42-4AF2-9749-4A62A5985364}.Debug|x86.Build.0 = Debug|Any CPU
		{EB68BDB0-8C42-4AF2-9749-4A62A5985364}.Release|Any CPU.ActiveCfg = Release|Any CPU
		{EB68BDB0-8C42-4AF2-9749-4A62A5985364}.Release|Any CPU.Build.0 = Release|Any CPU
		{EB68BDB0-8C42-4AF2-9749-4A62A5985364}.Release|x64.ActiveCfg = Release|Any CPU
		{EB68BDB0-8C42-4AF2-9749-4A62A5985364}.Release|x64.Build.0 = Release|Any CPU
		{EB68BDB0-8C42-4AF2-9749-4A62A5985364}.Release|x86.ActiveCfg = Release|Any CPU
		{EB68BDB0-8C42-4AF2-9749-4A62A5985364}.Release|x86.Build.0 = Release|Any CPU
		{D4612641-B20A-449C-B962-392836B6054C}.Debug|Any CPU.ActiveCfg = Debug|Any CPU
		{D4612641-B20A-449C-B962-392836B6054C}.Debug|Any CPU.Build.0 = Debug|Any CPU
		{D4612641-B20A-449C-B962-392836B6054C}.Debug|x64.ActiveCfg = Debug|Any CPU
		{D4612641-B20A-449C-B962-392836B6054C}.Debug|x64.Build.0 = Debug|Any CPU
		{D4612641-B20A-449C-B962-392836B6054C}.Debug|x86.ActiveCfg = Debug|Any CPU
		{D4612641-B20A-449C-B962-392836B6054C}.Debug|x86.Build.0 = Debug|Any CPU
		{D4612641-B20A-449C-B962-392836B6054C}.Release|Any CPU.ActiveCfg = Release|Any CPU
		{D4612641-B20A-449C-B962-392836B6054C}.Release|Any CPU.Build.0 = Release|Any CPU
		{D4612641-B20A-449C-B962-392836B6054C}.Release|x64.ActiveCfg = Release|Any CPU
		{D4612641-B20A-449C-B962-392836B6054C}.Release|x64.Build.0 = Release|Any CPU
		{D4612641-B20A-449C-B962-392836B6054C}.Release|x86.ActiveCfg = Release|Any CPU
		{D4612641-B20A-449C-B962-392836B6054C}.Release|x86.Build.0 = Release|Any CPU
		{E55D2754-ADDB-43BC-933B-5880071F9C20}.Debug|Any CPU.ActiveCfg = Debug|Any CPU
		{E55D2754-ADDB-43BC-933B-5880071F9C20}.Debug|Any CPU.Build.0 = Debug|Any CPU
		{E55D2754-ADDB-43BC-933B-5880071F9C20}.Debug|x64.ActiveCfg = Debug|Any CPU
		{E55D2754-ADDB-43BC-933B-5880071F9C20}.Debug|x64.Build.0 = Debug|Any CPU
		{E55D2754-ADDB-43BC-933B-5880071F9C20}.Debug|x86.ActiveCfg = Debug|Any CPU
		{E55D2754-ADDB-43BC-933B-5880071F9C20}.Debug|x86.Build.0 = Debug|Any CPU
		{E55D2754-ADDB-43BC-933B-5880071F9C20}.Release|Any CPU.ActiveCfg = Release|Any CPU
		{E55D2754-ADDB-43BC-933B-5880071F9C20}.Release|Any CPU.Build.0 = Release|Any CPU
		{E55D2754-ADDB-43BC-933B-5880071F9C20}.Release|x64.ActiveCfg = Release|Any CPU
		{E55D2754-ADDB-43BC-933B-5880071F9C20}.Release|x64.Build.0 = Release|Any CPU
		{E55D2754-ADDB-43BC-933B-5880071F9C20}.Release|x86.ActiveCfg = Release|Any CPU
		{E55D2754-ADDB-43BC-933B-5880071F9C20}.Release|x86.Build.0 = Release|Any CPU
		{0AE4627E-B8F2-454E-BDFD-BB56BB00D72A}.Debug|Any CPU.ActiveCfg = Debug|Any CPU
		{0AE4627E-B8F2-454E-BDFD-BB56BB00D72A}.Debug|Any CPU.Build.0 = Debug|Any CPU
		{0AE4627E-B8F2-454E-BDFD-BB56BB00D72A}.Debug|x64.ActiveCfg = Debug|Any CPU
		{0AE4627E-B8F2-454E-BDFD-BB56BB00D72A}.Debug|x64.Build.0 = Debug|Any CPU
		{0AE4627E-B8F2-454E-BDFD-BB56BB00D72A}.Debug|x86.ActiveCfg = Debug|Any CPU
		{0AE4627E-B8F2-454E-BDFD-BB56BB00D72A}.Debug|x86.Build.0 = Debug|Any CPU
		{0AE4627E-B8F2-454E-BDFD-BB56BB00D72A}.Release|Any CPU.ActiveCfg = Release|Any CPU
		{0AE4627E-B8F2-454E-BDFD-BB56BB00D72A}.Release|Any CPU.Build.0 = Release|Any CPU
		{0AE4627E-B8F2-454E-BDFD-BB56BB00D72A}.Release|x64.ActiveCfg = Release|Any CPU
		{0AE4627E-B8F2-454E-BDFD-BB56BB00D72A}.Release|x64.Build.0 = Release|Any CPU
		{0AE4627E-B8F2-454E-BDFD-BB56BB00D72A}.Release|x86.ActiveCfg = Release|Any CPU
		{0AE4627E-B8F2-454E-BDFD-BB56BB00D72A}.Release|x86.Build.0 = Release|Any CPU
		{221163FD-29AA-4691-B919-205BEB023AA1}.Debug|Any CPU.ActiveCfg = Debug|Any CPU
		{221163FD-29AA-4691-B919-205BEB023AA1}.Debug|Any CPU.Build.0 = Debug|Any CPU
		{221163FD-29AA-4691-B919-205BEB023AA1}.Debug|x64.ActiveCfg = Debug|Any CPU
		{221163FD-29AA-4691-B919-205BEB023AA1}.Debug|x64.Build.0 = Debug|Any CPU
		{221163FD-29AA-4691-B919-205BEB023AA1}.Debug|x86.ActiveCfg = Debug|Any CPU
		{221163FD-29AA-4691-B919-205BEB023AA1}.Debug|x86.Build.0 = Debug|Any CPU
		{221163FD-29AA-4691-B919-205BEB023AA1}.Release|Any CPU.ActiveCfg = Release|Any CPU
		{221163FD-29AA-4691-B919-205BEB023AA1}.Release|Any CPU.Build.0 = Release|Any CPU
		{221163FD-29AA-4691-B919-205BEB023AA1}.Release|x64.ActiveCfg = Release|Any CPU
		{221163FD-29AA-4691-B919-205BEB023AA1}.Release|x64.Build.0 = Release|Any CPU
		{221163FD-29AA-4691-B919-205BEB023AA1}.Release|x86.ActiveCfg = Release|Any CPU
		{221163FD-29AA-4691-B919-205BEB023AA1}.Release|x86.Build.0 = Release|Any CPU
		{F014BCB8-5062-4477-8259-9269CB7DF1FC}.Debug|Any CPU.ActiveCfg = Debug|Any CPU
		{F014BCB8-5062-4477-8259-9269CB7DF1FC}.Debug|Any CPU.Build.0 = Debug|Any CPU
		{F014BCB8-5062-4477-8259-9269CB7DF1FC}.Debug|x64.ActiveCfg = Debug|Any CPU
		{F014BCB8-5062-4477-8259-9269CB7DF1FC}.Debug|x64.Build.0 = Debug|Any CPU
		{F014BCB8-5062-4477-8259-9269CB7DF1FC}.Debug|x86.ActiveCfg = Debug|Any CPU
		{F014BCB8-5062-4477-8259-9269CB7DF1FC}.Debug|x86.Build.0 = Debug|Any CPU
		{F014BCB8-5062-4477-8259-9269CB7DF1FC}.Release|Any CPU.ActiveCfg = Release|Any CPU
		{F014BCB8-5062-4477-8259-9269CB7DF1FC}.Release|Any CPU.Build.0 = Release|Any CPU
		{F014BCB8-5062-4477-8259-9269CB7DF1FC}.Release|x64.ActiveCfg = Release|Any CPU
		{F014BCB8-5062-4477-8259-9269CB7DF1FC}.Release|x64.Build.0 = Release|Any CPU
		{F014BCB8-5062-4477-8259-9269CB7DF1FC}.Release|x86.ActiveCfg = Release|Any CPU
		{F014BCB8-5062-4477-8259-9269CB7DF1FC}.Release|x86.Build.0 = Release|Any CPU
		{BCA51985-DE02-49A1-B30F-F6D8628C2972}.Debug|Any CPU.ActiveCfg = Debug|Any CPU
		{BCA51985-DE02-49A1-B30F-F6D8628C2972}.Debug|Any CPU.Build.0 = Debug|Any CPU
		{BCA51985-DE02-49A1-B30F-F6D8628C2972}.Debug|x64.ActiveCfg = Debug|Any CPU
		{BCA51985-DE02-49A1-B30F-F6D8628C2972}.Debug|x64.Build.0 = Debug|Any CPU
		{BCA51985-DE02-49A1-B30F-F6D8628C2972}.Debug|x86.ActiveCfg = Debug|Any CPU
		{BCA51985-DE02-49A1-B30F-F6D8628C2972}.Debug|x86.Build.0 = Debug|Any CPU
		{BCA51985-DE02-49A1-B30F-F6D8628C2972}.Release|Any CPU.ActiveCfg = Release|Any CPU
		{BCA51985-DE02-49A1-B30F-F6D8628C2972}.Release|Any CPU.Build.0 = Release|Any CPU
		{BCA51985-DE02-49A1-B30F-F6D8628C2972}.Release|x64.ActiveCfg = Release|Any CPU
		{BCA51985-DE02-49A1-B30F-F6D8628C2972}.Release|x64.Build.0 = Release|Any CPU
		{BCA51985-DE02-49A1-B30F-F6D8628C2972}.Release|x86.ActiveCfg = Release|Any CPU
		{BCA51985-DE02-49A1-B30F-F6D8628C2972}.Release|x86.Build.0 = Release|Any CPU
		{8DF34BBC-0E9B-4328-A881-3D049B038062}.Debug|Any CPU.ActiveCfg = Debug|Any CPU
		{8DF34BBC-0E9B-4328-A881-3D049B038062}.Debug|Any CPU.Build.0 = Debug|Any CPU
		{8DF34BBC-0E9B-4328-A881-3D049B038062}.Debug|x64.ActiveCfg = Debug|Any CPU
		{8DF34BBC-0E9B-4328-A881-3D049B038062}.Debug|x64.Build.0 = Debug|Any CPU
		{8DF34BBC-0E9B-4328-A881-3D049B038062}.Debug|x86.ActiveCfg = Debug|Any CPU
		{8DF34BBC-0E9B-4328-A881-3D049B038062}.Debug|x86.Build.0 = Debug|Any CPU
		{8DF34BBC-0E9B-4328-A881-3D049B038062}.Release|Any CPU.ActiveCfg = Release|Any CPU
		{8DF34BBC-0E9B-4328-A881-3D049B038062}.Release|Any CPU.Build.0 = Release|Any CPU
		{8DF34BBC-0E9B-4328-A881-3D049B038062}.Release|x64.ActiveCfg = Release|Any CPU
		{8DF34BBC-0E9B-4328-A881-3D049B038062}.Release|x64.Build.0 = Release|Any CPU
		{8DF34BBC-0E9B-4328-A881-3D049B038062}.Release|x86.ActiveCfg = Release|Any CPU
		{8DF34BBC-0E9B-4328-A881-3D049B038062}.Release|x86.Build.0 = Release|Any CPU
		{DBCF1637-B499-43D8-88CA-B318BCD41A59}.Debug|Any CPU.ActiveCfg = Debug|Any CPU
		{DBCF1637-B499-43D8-88CA-B318BCD41A59}.Debug|Any CPU.Build.0 = Debug|Any CPU
		{DBCF1637-B499-43D8-88CA-B318BCD41A59}.Debug|x64.ActiveCfg = Debug|Any CPU
		{DBCF1637-B499-43D8-88CA-B318BCD41A59}.Debug|x64.Build.0 = Debug|Any CPU
		{DBCF1637-B499-43D8-88CA-B318BCD41A59}.Debug|x86.ActiveCfg = Debug|Any CPU
		{DBCF1637-B499-43D8-88CA-B318BCD41A59}.Debug|x86.Build.0 = Debug|Any CPU
		{DBCF1637-B499-43D8-88CA-B318BCD41A59}.Release|Any CPU.ActiveCfg = Release|Any CPU
		{DBCF1637-B499-43D8-88CA-B318BCD41A59}.Release|Any CPU.Build.0 = Release|Any CPU
		{DBCF1637-B499-43D8-88CA-B318BCD41A59}.Release|x64.ActiveCfg = Release|Any CPU
		{DBCF1637-B499-43D8-88CA-B318BCD41A59}.Release|x64.Build.0 = Release|Any CPU
		{DBCF1637-B499-43D8-88CA-B318BCD41A59}.Release|x86.ActiveCfg = Release|Any CPU
		{DBCF1637-B499-43D8-88CA-B318BCD41A59}.Release|x86.Build.0 = Release|Any CPU
		{AB909197-49A4-4012-A52A-268F35FC4570}.Debug|Any CPU.ActiveCfg = Debug|Any CPU
		{AB909197-49A4-4012-A52A-268F35FC4570}.Debug|Any CPU.Build.0 = Debug|Any CPU
		{AB909197-49A4-4012-A52A-268F35FC4570}.Debug|x64.ActiveCfg = Debug|Any CPU
		{AB909197-49A4-4012-A52A-268F35FC4570}.Debug|x64.Build.0 = Debug|Any CPU
		{AB909197-49A4-4012-A52A-268F35FC4570}.Debug|x86.ActiveCfg = Debug|Any CPU
		{AB909197-49A4-4012-A52A-268F35FC4570}.Debug|x86.Build.0 = Debug|Any CPU
		{AB909197-49A4-4012-A52A-268F35FC4570}.Release|Any CPU.ActiveCfg = Release|Any CPU
		{AB909197-49A4-4012-A52A-268F35FC4570}.Release|Any CPU.Build.0 = Release|Any CPU
		{AB909197-49A4-4012-A52A-268F35FC4570}.Release|x64.ActiveCfg = Release|Any CPU
		{AB909197-49A4-4012-A52A-268F35FC4570}.Release|x64.Build.0 = Release|Any CPU
		{AB909197-49A4-4012-A52A-268F35FC4570}.Release|x86.ActiveCfg = Release|Any CPU
		{AB909197-49A4-4012-A52A-268F35FC4570}.Release|x86.Build.0 = Release|Any CPU
		{CAD444B9-7B93-4D03-BC7F-689E95BBC20E}.Debug|Any CPU.ActiveCfg = Debug|Any CPU
		{CAD444B9-7B93-4D03-BC7F-689E95BBC20E}.Debug|Any CPU.Build.0 = Debug|Any CPU
		{CAD444B9-7B93-4D03-BC7F-689E95BBC20E}.Debug|x64.ActiveCfg = Debug|Any CPU
		{CAD444B9-7B93-4D03-BC7F-689E95BBC20E}.Debug|x64.Build.0 = Debug|Any CPU
		{CAD444B9-7B93-4D03-BC7F-689E95BBC20E}.Debug|x86.ActiveCfg = Debug|Any CPU
		{CAD444B9-7B93-4D03-BC7F-689E95BBC20E}.Debug|x86.Build.0 = Debug|Any CPU
		{CAD444B9-7B93-4D03-BC7F-689E95BBC20E}.Release|Any CPU.ActiveCfg = Release|Any CPU
		{CAD444B9-7B93-4D03-BC7F-689E95BBC20E}.Release|Any CPU.Build.0 = Release|Any CPU
		{CAD444B9-7B93-4D03-BC7F-689E95BBC20E}.Release|x64.ActiveCfg = Release|Any CPU
		{CAD444B9-7B93-4D03-BC7F-689E95BBC20E}.Release|x64.Build.0 = Release|Any CPU
		{CAD444B9-7B93-4D03-BC7F-689E95BBC20E}.Release|x86.ActiveCfg = Release|Any CPU
		{CAD444B9-7B93-4D03-BC7F-689E95BBC20E}.Release|x86.Build.0 = Release|Any CPU
		{EB91A266-A1F3-45C3-BB09-457DE03B8832}.Debug|Any CPU.ActiveCfg = Debug|Any CPU
		{EB91A266-A1F3-45C3-BB09-457DE03B8832}.Debug|Any CPU.Build.0 = Debug|Any CPU
		{EB91A266-A1F3-45C3-BB09-457DE03B8832}.Debug|x64.ActiveCfg = Debug|Any CPU
		{EB91A266-A1F3-45C3-BB09-457DE03B8832}.Debug|x64.Build.0 = Debug|Any CPU
		{EB91A266-A1F3-45C3-BB09-457DE03B8832}.Debug|x86.ActiveCfg = Debug|Any CPU
		{EB91A266-A1F3-45C3-BB09-457DE03B8832}.Debug|x86.Build.0 = Debug|Any CPU
		{EB91A266-A1F3-45C3-BB09-457DE03B8832}.Release|Any CPU.ActiveCfg = Release|Any CPU
		{EB91A266-A1F3-45C3-BB09-457DE03B8832}.Release|Any CPU.Build.0 = Release|Any CPU
		{EB91A266-A1F3-45C3-BB09-457DE03B8832}.Release|x64.ActiveCfg = Release|Any CPU
		{EB91A266-A1F3-45C3-BB09-457DE03B8832}.Release|x64.Build.0 = Release|Any CPU
		{EB91A266-A1F3-45C3-BB09-457DE03B8832}.Release|x86.ActiveCfg = Release|Any CPU
		{EB91A266-A1F3-45C3-BB09-457DE03B8832}.Release|x86.Build.0 = Release|Any CPU
		{F14EFCFE-229E-4ED2-9BDE-001233265553}.Debug|Any CPU.ActiveCfg = Debug|Any CPU
		{F14EFCFE-229E-4ED2-9BDE-001233265553}.Debug|Any CPU.Build.0 = Debug|Any CPU
		{F14EFCFE-229E-4ED2-9BDE-001233265553}.Debug|x64.ActiveCfg = Debug|Any CPU
		{F14EFCFE-229E-4ED2-9BDE-001233265553}.Debug|x64.Build.0 = Debug|Any CPU
		{F14EFCFE-229E-4ED2-9BDE-001233265553}.Debug|x86.ActiveCfg = Debug|Any CPU
		{F14EFCFE-229E-4ED2-9BDE-001233265553}.Debug|x86.Build.0 = Debug|Any CPU
		{F14EFCFE-229E-4ED2-9BDE-001233265553}.Release|Any CPU.ActiveCfg = Release|Any CPU
		{F14EFCFE-229E-4ED2-9BDE-001233265553}.Release|Any CPU.Build.0 = Release|Any CPU
		{F14EFCFE-229E-4ED2-9BDE-001233265553}.Release|x64.ActiveCfg = Release|Any CPU
		{F14EFCFE-229E-4ED2-9BDE-001233265553}.Release|x64.Build.0 = Release|Any CPU
		{F14EFCFE-229E-4ED2-9BDE-001233265553}.Release|x86.ActiveCfg = Release|Any CPU
		{F14EFCFE-229E-4ED2-9BDE-001233265553}.Release|x86.Build.0 = Release|Any CPU
		{525FABB7-44D0-4B70-BA43-E7B0EA3603AA}.Debug|Any CPU.ActiveCfg = Debug|Any CPU
		{525FABB7-44D0-4B70-BA43-E7B0EA3603AA}.Debug|Any CPU.Build.0 = Debug|Any CPU
		{525FABB7-44D0-4B70-BA43-E7B0EA3603AA}.Debug|x64.ActiveCfg = Debug|Any CPU
		{525FABB7-44D0-4B70-BA43-E7B0EA3603AA}.Debug|x64.Build.0 = Debug|Any CPU
		{525FABB7-44D0-4B70-BA43-E7B0EA3603AA}.Debug|x86.ActiveCfg = Debug|Any CPU
		{525FABB7-44D0-4B70-BA43-E7B0EA3603AA}.Debug|x86.Build.0 = Debug|Any CPU
		{525FABB7-44D0-4B70-BA43-E7B0EA3603AA}.Release|Any CPU.ActiveCfg = Release|Any CPU
		{525FABB7-44D0-4B70-BA43-E7B0EA3603AA}.Release|Any CPU.Build.0 = Release|Any CPU
		{525FABB7-44D0-4B70-BA43-E7B0EA3603AA}.Release|x64.ActiveCfg = Release|Any CPU
		{525FABB7-44D0-4B70-BA43-E7B0EA3603AA}.Release|x64.Build.0 = Release|Any CPU
		{525FABB7-44D0-4B70-BA43-E7B0EA3603AA}.Release|x86.ActiveCfg = Release|Any CPU
		{525FABB7-44D0-4B70-BA43-E7B0EA3603AA}.Release|x86.Build.0 = Release|Any CPU
		{652C9BC2-88C0-42CC-9BE5-0F18E633759D}.Debug|Any CPU.ActiveCfg = Debug|Any CPU
		{652C9BC2-88C0-42CC-9BE5-0F18E633759D}.Debug|Any CPU.Build.0 = Debug|Any CPU
		{652C9BC2-88C0-42CC-9BE5-0F18E633759D}.Debug|x64.ActiveCfg = Debug|Any CPU
		{652C9BC2-88C0-42CC-9BE5-0F18E633759D}.Debug|x64.Build.0 = Debug|Any CPU
		{652C9BC2-88C0-42CC-9BE5-0F18E633759D}.Debug|x86.ActiveCfg = Debug|Any CPU
		{652C9BC2-88C0-42CC-9BE5-0F18E633759D}.Debug|x86.Build.0 = Debug|Any CPU
		{652C9BC2-88C0-42CC-9BE5-0F18E633759D}.Release|Any CPU.ActiveCfg = Release|Any CPU
		{652C9BC2-88C0-42CC-9BE5-0F18E633759D}.Release|Any CPU.Build.0 = Release|Any CPU
		{652C9BC2-88C0-42CC-9BE5-0F18E633759D}.Release|x64.ActiveCfg = Release|Any CPU
		{652C9BC2-88C0-42CC-9BE5-0F18E633759D}.Release|x64.Build.0 = Release|Any CPU
		{652C9BC2-88C0-42CC-9BE5-0F18E633759D}.Release|x86.ActiveCfg = Release|Any CPU
		{652C9BC2-88C0-42CC-9BE5-0F18E633759D}.Release|x86.Build.0 = Release|Any CPU
		{AC1CB33F-DAA1-4FCD-BACF-C38E08DFEA41}.Debug|Any CPU.ActiveCfg = Debug|Any CPU
		{AC1CB33F-DAA1-4FCD-BACF-C38E08DFEA41}.Debug|Any CPU.Build.0 = Debug|Any CPU
		{AC1CB33F-DAA1-4FCD-BACF-C38E08DFEA41}.Debug|x64.ActiveCfg = Debug|Any CPU
		{AC1CB33F-DAA1-4FCD-BACF-C38E08DFEA41}.Debug|x64.Build.0 = Debug|Any CPU
		{AC1CB33F-DAA1-4FCD-BACF-C38E08DFEA41}.Debug|x86.ActiveCfg = Debug|Any CPU
		{AC1CB33F-DAA1-4FCD-BACF-C38E08DFEA41}.Debug|x86.Build.0 = Debug|Any CPU
		{AC1CB33F-DAA1-4FCD-BACF-C38E08DFEA41}.Release|Any CPU.ActiveCfg = Release|Any CPU
		{AC1CB33F-DAA1-4FCD-BACF-C38E08DFEA41}.Release|Any CPU.Build.0 = Release|Any CPU
		{AC1CB33F-DAA1-4FCD-BACF-C38E08DFEA41}.Release|x64.ActiveCfg = Release|Any CPU
		{AC1CB33F-DAA1-4FCD-BACF-C38E08DFEA41}.Release|x64.Build.0 = Release|Any CPU
		{AC1CB33F-DAA1-4FCD-BACF-C38E08DFEA41}.Release|x86.ActiveCfg = Release|Any CPU
		{AC1CB33F-DAA1-4FCD-BACF-C38E08DFEA41}.Release|x86.Build.0 = Release|Any CPU
		{7AE890F3-FCE5-417C-8078-ED8311EC5295}.Debug|Any CPU.ActiveCfg = Debug|Any CPU
		{7AE890F3-FCE5-417C-8078-ED8311EC5295}.Debug|Any CPU.Build.0 = Debug|Any CPU
		{7AE890F3-FCE5-417C-8078-ED8311EC5295}.Debug|x64.ActiveCfg = Debug|Any CPU
		{7AE890F3-FCE5-417C-8078-ED8311EC5295}.Debug|x64.Build.0 = Debug|Any CPU
		{7AE890F3-FCE5-417C-8078-ED8311EC5295}.Debug|x86.ActiveCfg = Debug|Any CPU
		{7AE890F3-FCE5-417C-8078-ED8311EC5295}.Debug|x86.Build.0 = Debug|Any CPU
		{7AE890F3-FCE5-417C-8078-ED8311EC5295}.Release|Any CPU.ActiveCfg = Release|Any CPU
		{7AE890F3-FCE5-417C-8078-ED8311EC5295}.Release|Any CPU.Build.0 = Release|Any CPU
		{7AE890F3-FCE5-417C-8078-ED8311EC5295}.Release|x64.ActiveCfg = Release|Any CPU
		{7AE890F3-FCE5-417C-8078-ED8311EC5295}.Release|x64.Build.0 = Release|Any CPU
		{7AE890F3-FCE5-417C-8078-ED8311EC5295}.Release|x86.ActiveCfg = Release|Any CPU
		{7AE890F3-FCE5-417C-8078-ED8311EC5295}.Release|x86.Build.0 = Release|Any CPU
		{4E8E3B2F-99A9-48C4-BEF1-E491F2843CDF}.Debug|Any CPU.ActiveCfg = Debug|Any CPU
		{4E8E3B2F-99A9-48C4-BEF1-E491F2843CDF}.Debug|Any CPU.Build.0 = Debug|Any CPU
		{4E8E3B2F-99A9-48C4-BEF1-E491F2843CDF}.Debug|x64.ActiveCfg = Debug|Any CPU
		{4E8E3B2F-99A9-48C4-BEF1-E491F2843CDF}.Debug|x64.Build.0 = Debug|Any CPU
		{4E8E3B2F-99A9-48C4-BEF1-E491F2843CDF}.Debug|x86.ActiveCfg = Debug|Any CPU
		{4E8E3B2F-99A9-48C4-BEF1-E491F2843CDF}.Debug|x86.Build.0 = Debug|Any CPU
		{4E8E3B2F-99A9-48C4-BEF1-E491F2843CDF}.Release|Any CPU.ActiveCfg = Release|Any CPU
		{4E8E3B2F-99A9-48C4-BEF1-E491F2843CDF}.Release|Any CPU.Build.0 = Release|Any CPU
		{4E8E3B2F-99A9-48C4-BEF1-E491F2843CDF}.Release|x64.ActiveCfg = Release|Any CPU
		{4E8E3B2F-99A9-48C4-BEF1-E491F2843CDF}.Release|x64.Build.0 = Release|Any CPU
		{4E8E3B2F-99A9-48C4-BEF1-E491F2843CDF}.Release|x86.ActiveCfg = Release|Any CPU
		{4E8E3B2F-99A9-48C4-BEF1-E491F2843CDF}.Release|x86.Build.0 = Release|Any CPU
		{25982B7C-ADB8-41EE-B1C3-7C759DF3E946}.Debug|Any CPU.ActiveCfg = Debug|Any CPU
		{25982B7C-ADB8-41EE-B1C3-7C759DF3E946}.Debug|Any CPU.Build.0 = Debug|Any CPU
		{25982B7C-ADB8-41EE-B1C3-7C759DF3E946}.Debug|x64.ActiveCfg = Debug|Any CPU
		{25982B7C-ADB8-41EE-B1C3-7C759DF3E946}.Debug|x64.Build.0 = Debug|Any CPU
		{25982B7C-ADB8-41EE-B1C3-7C759DF3E946}.Debug|x86.ActiveCfg = Debug|Any CPU
		{25982B7C-ADB8-41EE-B1C3-7C759DF3E946}.Debug|x86.Build.0 = Debug|Any CPU
		{25982B7C-ADB8-41EE-B1C3-7C759DF3E946}.Release|Any CPU.ActiveCfg = Release|Any CPU
		{25982B7C-ADB8-41EE-B1C3-7C759DF3E946}.Release|Any CPU.Build.0 = Release|Any CPU
		{25982B7C-ADB8-41EE-B1C3-7C759DF3E946}.Release|x64.ActiveCfg = Release|Any CPU
		{25982B7C-ADB8-41EE-B1C3-7C759DF3E946}.Release|x64.Build.0 = Release|Any CPU
		{25982B7C-ADB8-41EE-B1C3-7C759DF3E946}.Release|x86.ActiveCfg = Release|Any CPU
		{25982B7C-ADB8-41EE-B1C3-7C759DF3E946}.Release|x86.Build.0 = Release|Any CPU
		{3A18CC31-D49C-4C99-AE62-03FE097C6376}.Debug|Any CPU.ActiveCfg = Debug|Any CPU
		{3A18CC31-D49C-4C99-AE62-03FE097C6376}.Debug|Any CPU.Build.0 = Debug|Any CPU
		{3A18CC31-D49C-4C99-AE62-03FE097C6376}.Debug|x64.ActiveCfg = Debug|Any CPU
		{3A18CC31-D49C-4C99-AE62-03FE097C6376}.Debug|x64.Build.0 = Debug|Any CPU
		{3A18CC31-D49C-4C99-AE62-03FE097C6376}.Debug|x86.ActiveCfg = Debug|Any CPU
		{3A18CC31-D49C-4C99-AE62-03FE097C6376}.Debug|x86.Build.0 = Debug|Any CPU
		{3A18CC31-D49C-4C99-AE62-03FE097C6376}.Release|Any CPU.ActiveCfg = Release|Any CPU
		{3A18CC31-D49C-4C99-AE62-03FE097C6376}.Release|Any CPU.Build.0 = Release|Any CPU
		{3A18CC31-D49C-4C99-AE62-03FE097C6376}.Release|x64.ActiveCfg = Release|Any CPU
		{3A18CC31-D49C-4C99-AE62-03FE097C6376}.Release|x64.Build.0 = Release|Any CPU
		{3A18CC31-D49C-4C99-AE62-03FE097C6376}.Release|x86.ActiveCfg = Release|Any CPU
		{3A18CC31-D49C-4C99-AE62-03FE097C6376}.Release|x86.Build.0 = Release|Any CPU
		{F3BF3E69-A9F5-4544-8381-B7EB13FA178F}.Debug|Any CPU.ActiveCfg = Debug|Any CPU
		{F3BF3E69-A9F5-4544-8381-B7EB13FA178F}.Debug|Any CPU.Build.0 = Debug|Any CPU
		{F3BF3E69-A9F5-4544-8381-B7EB13FA178F}.Debug|x64.ActiveCfg = Debug|Any CPU
		{F3BF3E69-A9F5-4544-8381-B7EB13FA178F}.Debug|x64.Build.0 = Debug|Any CPU
		{F3BF3E69-A9F5-4544-8381-B7EB13FA178F}.Debug|x86.ActiveCfg = Debug|Any CPU
		{F3BF3E69-A9F5-4544-8381-B7EB13FA178F}.Debug|x86.Build.0 = Debug|Any CPU
		{F3BF3E69-A9F5-4544-8381-B7EB13FA178F}.Release|Any CPU.ActiveCfg = Release|Any CPU
		{F3BF3E69-A9F5-4544-8381-B7EB13FA178F}.Release|Any CPU.Build.0 = Release|Any CPU
		{F3BF3E69-A9F5-4544-8381-B7EB13FA178F}.Release|x64.ActiveCfg = Release|Any CPU
		{F3BF3E69-A9F5-4544-8381-B7EB13FA178F}.Release|x64.Build.0 = Release|Any CPU
		{F3BF3E69-A9F5-4544-8381-B7EB13FA178F}.Release|x86.ActiveCfg = Release|Any CPU
		{F3BF3E69-A9F5-4544-8381-B7EB13FA178F}.Release|x86.Build.0 = Release|Any CPU
		{B6C45E6A-76CE-476F-80A8-98136D4BE631}.Debug|Any CPU.ActiveCfg = Debug|Any CPU
		{B6C45E6A-76CE-476F-80A8-98136D4BE631}.Debug|Any CPU.Build.0 = Debug|Any CPU
		{B6C45E6A-76CE-476F-80A8-98136D4BE631}.Debug|x64.ActiveCfg = Debug|Any CPU
		{B6C45E6A-76CE-476F-80A8-98136D4BE631}.Debug|x64.Build.0 = Debug|Any CPU
		{B6C45E6A-76CE-476F-80A8-98136D4BE631}.Debug|x86.ActiveCfg = Debug|Any CPU
		{B6C45E6A-76CE-476F-80A8-98136D4BE631}.Debug|x86.Build.0 = Debug|Any CPU
		{B6C45E6A-76CE-476F-80A8-98136D4BE631}.Release|Any CPU.ActiveCfg = Release|Any CPU
		{B6C45E6A-76CE-476F-80A8-98136D4BE631}.Release|Any CPU.Build.0 = Release|Any CPU
		{B6C45E6A-76CE-476F-80A8-98136D4BE631}.Release|x64.ActiveCfg = Release|Any CPU
		{B6C45E6A-76CE-476F-80A8-98136D4BE631}.Release|x64.Build.0 = Release|Any CPU
		{B6C45E6A-76CE-476F-80A8-98136D4BE631}.Release|x86.ActiveCfg = Release|Any CPU
		{B6C45E6A-76CE-476F-80A8-98136D4BE631}.Release|x86.Build.0 = Release|Any CPU
		{312853C6-0962-4AF9-A56E-541FE4931CAA}.Debug|Any CPU.ActiveCfg = Debug|Any CPU
		{312853C6-0962-4AF9-A56E-541FE4931CAA}.Debug|Any CPU.Build.0 = Debug|Any CPU
		{312853C6-0962-4AF9-A56E-541FE4931CAA}.Debug|x64.ActiveCfg = Debug|Any CPU
		{312853C6-0962-4AF9-A56E-541FE4931CAA}.Debug|x64.Build.0 = Debug|Any CPU
		{312853C6-0962-4AF9-A56E-541FE4931CAA}.Debug|x86.ActiveCfg = Debug|Any CPU
		{312853C6-0962-4AF9-A56E-541FE4931CAA}.Debug|x86.Build.0 = Debug|Any CPU
		{312853C6-0962-4AF9-A56E-541FE4931CAA}.Release|Any CPU.ActiveCfg = Release|Any CPU
		{312853C6-0962-4AF9-A56E-541FE4931CAA}.Release|Any CPU.Build.0 = Release|Any CPU
		{312853C6-0962-4AF9-A56E-541FE4931CAA}.Release|x64.ActiveCfg = Release|Any CPU
		{312853C6-0962-4AF9-A56E-541FE4931CAA}.Release|x64.Build.0 = Release|Any CPU
		{312853C6-0962-4AF9-A56E-541FE4931CAA}.Release|x86.ActiveCfg = Release|Any CPU
		{312853C6-0962-4AF9-A56E-541FE4931CAA}.Release|x86.Build.0 = Release|Any CPU
		{027E44F9-DE9D-4174-A4B9-85E7DE61532A}.Debug|Any CPU.ActiveCfg = Debug|Any CPU
		{027E44F9-DE9D-4174-A4B9-85E7DE61532A}.Debug|Any CPU.Build.0 = Debug|Any CPU
		{027E44F9-DE9D-4174-A4B9-85E7DE61532A}.Debug|x64.ActiveCfg = Debug|Any CPU
		{027E44F9-DE9D-4174-A4B9-85E7DE61532A}.Debug|x64.Build.0 = Debug|Any CPU
		{027E44F9-DE9D-4174-A4B9-85E7DE61532A}.Debug|x86.ActiveCfg = Debug|Any CPU
		{027E44F9-DE9D-4174-A4B9-85E7DE61532A}.Debug|x86.Build.0 = Debug|Any CPU
		{027E44F9-DE9D-4174-A4B9-85E7DE61532A}.Release|Any CPU.ActiveCfg = Release|Any CPU
		{027E44F9-DE9D-4174-A4B9-85E7DE61532A}.Release|Any CPU.Build.0 = Release|Any CPU
		{027E44F9-DE9D-4174-A4B9-85E7DE61532A}.Release|x64.ActiveCfg = Release|Any CPU
		{027E44F9-DE9D-4174-A4B9-85E7DE61532A}.Release|x64.Build.0 = Release|Any CPU
		{027E44F9-DE9D-4174-A4B9-85E7DE61532A}.Release|x86.ActiveCfg = Release|Any CPU
		{027E44F9-DE9D-4174-A4B9-85E7DE61532A}.Release|x86.Build.0 = Release|Any CPU
		{C68AFA5D-4DB1-45BC-AD10-A3D55F10DAD5}.Debug|Any CPU.ActiveCfg = Debug|Any CPU
		{C68AFA5D-4DB1-45BC-AD10-A3D55F10DAD5}.Debug|Any CPU.Build.0 = Debug|Any CPU
		{C68AFA5D-4DB1-45BC-AD10-A3D55F10DAD5}.Debug|x64.ActiveCfg = Debug|Any CPU
		{C68AFA5D-4DB1-45BC-AD10-A3D55F10DAD5}.Debug|x64.Build.0 = Debug|Any CPU
		{C68AFA5D-4DB1-45BC-AD10-A3D55F10DAD5}.Debug|x86.ActiveCfg = Debug|Any CPU
		{C68AFA5D-4DB1-45BC-AD10-A3D55F10DAD5}.Debug|x86.Build.0 = Debug|Any CPU
		{C68AFA5D-4DB1-45BC-AD10-A3D55F10DAD5}.Release|Any CPU.ActiveCfg = Release|Any CPU
		{C68AFA5D-4DB1-45BC-AD10-A3D55F10DAD5}.Release|Any CPU.Build.0 = Release|Any CPU
		{C68AFA5D-4DB1-45BC-AD10-A3D55F10DAD5}.Release|x64.ActiveCfg = Release|Any CPU
		{C68AFA5D-4DB1-45BC-AD10-A3D55F10DAD5}.Release|x64.Build.0 = Release|Any CPU
		{C68AFA5D-4DB1-45BC-AD10-A3D55F10DAD5}.Release|x86.ActiveCfg = Release|Any CPU
		{C68AFA5D-4DB1-45BC-AD10-A3D55F10DAD5}.Release|x86.Build.0 = Release|Any CPU
		{C9B9BECD-8BF4-4BB1-A329-1309646EFBF2}.Debug|Any CPU.ActiveCfg = Debug|Any CPU
		{C9B9BECD-8BF4-4BB1-A329-1309646EFBF2}.Debug|Any CPU.Build.0 = Debug|Any CPU
		{C9B9BECD-8BF4-4BB1-A329-1309646EFBF2}.Debug|x64.ActiveCfg = Debug|Any CPU
		{C9B9BECD-8BF4-4BB1-A329-1309646EFBF2}.Debug|x64.Build.0 = Debug|Any CPU
		{C9B9BECD-8BF4-4BB1-A329-1309646EFBF2}.Debug|x86.ActiveCfg = Debug|Any CPU
		{C9B9BECD-8BF4-4BB1-A329-1309646EFBF2}.Debug|x86.Build.0 = Debug|Any CPU
		{C9B9BECD-8BF4-4BB1-A329-1309646EFBF2}.Release|Any CPU.ActiveCfg = Release|Any CPU
		{C9B9BECD-8BF4-4BB1-A329-1309646EFBF2}.Release|Any CPU.Build.0 = Release|Any CPU
		{C9B9BECD-8BF4-4BB1-A329-1309646EFBF2}.Release|x64.ActiveCfg = Release|Any CPU
		{C9B9BECD-8BF4-4BB1-A329-1309646EFBF2}.Release|x64.Build.0 = Release|Any CPU
		{C9B9BECD-8BF4-4BB1-A329-1309646EFBF2}.Release|x86.ActiveCfg = Release|Any CPU
		{C9B9BECD-8BF4-4BB1-A329-1309646EFBF2}.Release|x86.Build.0 = Release|Any CPU
		{D99B5862-9EC2-42E7-A513-C2D12CA053E7}.Debug|Any CPU.ActiveCfg = Debug|Any CPU
		{D99B5862-9EC2-42E7-A513-C2D12CA053E7}.Debug|Any CPU.Build.0 = Debug|Any CPU
		{D99B5862-9EC2-42E7-A513-C2D12CA053E7}.Debug|x64.ActiveCfg = Debug|Any CPU
		{D99B5862-9EC2-42E7-A513-C2D12CA053E7}.Debug|x64.Build.0 = Debug|Any CPU
		{D99B5862-9EC2-42E7-A513-C2D12CA053E7}.Debug|x86.ActiveCfg = Debug|Any CPU
		{D99B5862-9EC2-42E7-A513-C2D12CA053E7}.Debug|x86.Build.0 = Debug|Any CPU
		{D99B5862-9EC2-42E7-A513-C2D12CA053E7}.Release|Any CPU.ActiveCfg = Release|Any CPU
		{D99B5862-9EC2-42E7-A513-C2D12CA053E7}.Release|Any CPU.Build.0 = Release|Any CPU
		{D99B5862-9EC2-42E7-A513-C2D12CA053E7}.Release|x64.ActiveCfg = Release|Any CPU
		{D99B5862-9EC2-42E7-A513-C2D12CA053E7}.Release|x64.Build.0 = Release|Any CPU
		{D99B5862-9EC2-42E7-A513-C2D12CA053E7}.Release|x86.ActiveCfg = Release|Any CPU
		{D99B5862-9EC2-42E7-A513-C2D12CA053E7}.Release|x86.Build.0 = Release|Any CPU
		{77C327BA-E621-4B9A-9896-1275F9616E22}.Debug|Any CPU.ActiveCfg = Debug|Any CPU
		{77C327BA-E621-4B9A-9896-1275F9616E22}.Debug|Any CPU.Build.0 = Debug|Any CPU
		{77C327BA-E621-4B9A-9896-1275F9616E22}.Debug|x64.ActiveCfg = Debug|Any CPU
		{77C327BA-E621-4B9A-9896-1275F9616E22}.Debug|x64.Build.0 = Debug|Any CPU
		{77C327BA-E621-4B9A-9896-1275F9616E22}.Debug|x86.ActiveCfg = Debug|Any CPU
		{77C327BA-E621-4B9A-9896-1275F9616E22}.Debug|x86.Build.0 = Debug|Any CPU
		{77C327BA-E621-4B9A-9896-1275F9616E22}.Release|Any CPU.ActiveCfg = Release|Any CPU
		{77C327BA-E621-4B9A-9896-1275F9616E22}.Release|Any CPU.Build.0 = Release|Any CPU
		{77C327BA-E621-4B9A-9896-1275F9616E22}.Release|x64.ActiveCfg = Release|Any CPU
		{77C327BA-E621-4B9A-9896-1275F9616E22}.Release|x64.Build.0 = Release|Any CPU
		{77C327BA-E621-4B9A-9896-1275F9616E22}.Release|x86.ActiveCfg = Release|Any CPU
		{77C327BA-E621-4B9A-9896-1275F9616E22}.Release|x86.Build.0 = Release|Any CPU
		{5839DE2E-34F7-4C07-A3BE-A8F2C3835314}.Debug|Any CPU.ActiveCfg = Debug|Any CPU
		{5839DE2E-34F7-4C07-A3BE-A8F2C3835314}.Debug|Any CPU.Build.0 = Debug|Any CPU
		{5839DE2E-34F7-4C07-A3BE-A8F2C3835314}.Debug|x64.ActiveCfg = Debug|Any CPU
		{5839DE2E-34F7-4C07-A3BE-A8F2C3835314}.Debug|x64.Build.0 = Debug|Any CPU
		{5839DE2E-34F7-4C07-A3BE-A8F2C3835314}.Debug|x86.ActiveCfg = Debug|Any CPU
		{5839DE2E-34F7-4C07-A3BE-A8F2C3835314}.Debug|x86.Build.0 = Debug|Any CPU
		{5839DE2E-34F7-4C07-A3BE-A8F2C3835314}.Release|Any CPU.ActiveCfg = Release|Any CPU
		{5839DE2E-34F7-4C07-A3BE-A8F2C3835314}.Release|Any CPU.Build.0 = Release|Any CPU
		{5839DE2E-34F7-4C07-A3BE-A8F2C3835314}.Release|x64.ActiveCfg = Release|Any CPU
		{5839DE2E-34F7-4C07-A3BE-A8F2C3835314}.Release|x64.Build.0 = Release|Any CPU
		{5839DE2E-34F7-4C07-A3BE-A8F2C3835314}.Release|x86.ActiveCfg = Release|Any CPU
		{5839DE2E-34F7-4C07-A3BE-A8F2C3835314}.Release|x86.Build.0 = Release|Any CPU
		{5A296592-46EE-4928-90A2-9D959DC5F6BC}.Debug|Any CPU.ActiveCfg = Debug|Any CPU
		{5A296592-46EE-4928-90A2-9D959DC5F6BC}.Debug|Any CPU.Build.0 = Debug|Any CPU
		{5A296592-46EE-4928-90A2-9D959DC5F6BC}.Debug|x64.ActiveCfg = Debug|Any CPU
		{5A296592-46EE-4928-90A2-9D959DC5F6BC}.Debug|x64.Build.0 = Debug|Any CPU
		{5A296592-46EE-4928-90A2-9D959DC5F6BC}.Debug|x86.ActiveCfg = Debug|Any CPU
		{5A296592-46EE-4928-90A2-9D959DC5F6BC}.Debug|x86.Build.0 = Debug|Any CPU
		{5A296592-46EE-4928-90A2-9D959DC5F6BC}.Release|Any CPU.ActiveCfg = Release|Any CPU
		{5A296592-46EE-4928-90A2-9D959DC5F6BC}.Release|Any CPU.Build.0 = Release|Any CPU
		{5A296592-46EE-4928-90A2-9D959DC5F6BC}.Release|x64.ActiveCfg = Release|Any CPU
		{5A296592-46EE-4928-90A2-9D959DC5F6BC}.Release|x64.Build.0 = Release|Any CPU
		{5A296592-46EE-4928-90A2-9D959DC5F6BC}.Release|x86.ActiveCfg = Release|Any CPU
		{5A296592-46EE-4928-90A2-9D959DC5F6BC}.Release|x86.Build.0 = Release|Any CPU
		{2227224C-D40B-4E6D-A84E-2DE2B1561FAA}.Debug|Any CPU.ActiveCfg = Debug|Any CPU
		{2227224C-D40B-4E6D-A84E-2DE2B1561FAA}.Debug|Any CPU.Build.0 = Debug|Any CPU
		{2227224C-D40B-4E6D-A84E-2DE2B1561FAA}.Debug|x64.ActiveCfg = Debug|Any CPU
		{2227224C-D40B-4E6D-A84E-2DE2B1561FAA}.Debug|x64.Build.0 = Debug|Any CPU
		{2227224C-D40B-4E6D-A84E-2DE2B1561FAA}.Debug|x86.ActiveCfg = Debug|Any CPU
		{2227224C-D40B-4E6D-A84E-2DE2B1561FAA}.Debug|x86.Build.0 = Debug|Any CPU
		{2227224C-D40B-4E6D-A84E-2DE2B1561FAA}.Release|Any CPU.ActiveCfg = Release|Any CPU
		{2227224C-D40B-4E6D-A84E-2DE2B1561FAA}.Release|Any CPU.Build.0 = Release|Any CPU
		{2227224C-D40B-4E6D-A84E-2DE2B1561FAA}.Release|x64.ActiveCfg = Release|Any CPU
		{2227224C-D40B-4E6D-A84E-2DE2B1561FAA}.Release|x64.Build.0 = Release|Any CPU
		{2227224C-D40B-4E6D-A84E-2DE2B1561FAA}.Release|x86.ActiveCfg = Release|Any CPU
		{2227224C-D40B-4E6D-A84E-2DE2B1561FAA}.Release|x86.Build.0 = Release|Any CPU
		{D9F492CA-8110-4C7F-8619-7B36B0D8D44A}.Debug|Any CPU.ActiveCfg = Debug|Any CPU
		{D9F492CA-8110-4C7F-8619-7B36B0D8D44A}.Debug|Any CPU.Build.0 = Debug|Any CPU
		{D9F492CA-8110-4C7F-8619-7B36B0D8D44A}.Debug|x64.ActiveCfg = Debug|Any CPU
		{D9F492CA-8110-4C7F-8619-7B36B0D8D44A}.Debug|x64.Build.0 = Debug|Any CPU
		{D9F492CA-8110-4C7F-8619-7B36B0D8D44A}.Debug|x86.ActiveCfg = Debug|Any CPU
		{D9F492CA-8110-4C7F-8619-7B36B0D8D44A}.Debug|x86.Build.0 = Debug|Any CPU
		{D9F492CA-8110-4C7F-8619-7B36B0D8D44A}.Release|Any CPU.ActiveCfg = Release|Any CPU
		{D9F492CA-8110-4C7F-8619-7B36B0D8D44A}.Release|Any CPU.Build.0 = Release|Any CPU
		{D9F492CA-8110-4C7F-8619-7B36B0D8D44A}.Release|x64.ActiveCfg = Release|Any CPU
		{D9F492CA-8110-4C7F-8619-7B36B0D8D44A}.Release|x64.Build.0 = Release|Any CPU
		{D9F492CA-8110-4C7F-8619-7B36B0D8D44A}.Release|x86.ActiveCfg = Release|Any CPU
		{D9F492CA-8110-4C7F-8619-7B36B0D8D44A}.Release|x86.Build.0 = Release|Any CPU
	EndGlobalSection
	GlobalSection(SolutionProperties) = preSolution
		HideSolutionNode = FALSE
	EndGlobalSection
	GlobalSection(NestedProjects) = preSolution
		{EC447DCF-ABFA-6E24-52A5-D7FD48A5C558} = {827E0CD3-B72D-47B6-A68D-7590B98EB39B}
		{D6D160DD-AE2A-0C32-F31B-9BD72717AAF2} = {EC447DCF-ABFA-6E24-52A5-D7FD48A5C558}
		{7BF46209-728E-4401-ACD6-C1BA8E0295B8} = {D6D160DD-AE2A-0C32-F31B-9BD72717AAF2}
		{E2BD88D7-243B-4F35-B111-93F2324D7BEC} = {D6D160DD-AE2A-0C32-F31B-9BD72717AAF2}
		{D3FDD3E9-67C5-4800-A862-B096F60382DD} = {D6D160DD-AE2A-0C32-F31B-9BD72717AAF2}
		{C9AA4FAB-6DE0-4D08-885B-C5EFAC105333} = {D6D160DD-AE2A-0C32-F31B-9BD72717AAF2}
		{0693D8AF-BA47-4C77-A664-6B0FD7E174C0} = {D6D160DD-AE2A-0C32-F31B-9BD72717AAF2}
		{EB68BDB0-8C42-4AF2-9749-4A62A5985364} = {827E0CD3-B72D-47B6-A68D-7590B98EB39B}
		{D4612641-B20A-449C-B962-392836B6054C} = {827E0CD3-B72D-47B6-A68D-7590B98EB39B}
		{A26F344D-182E-CE53-AD51-2154946AC6F3} = {EC447DCF-ABFA-6E24-52A5-D7FD48A5C558}
		{E55D2754-ADDB-43BC-933B-5880071F9C20} = {A26F344D-182E-CE53-AD51-2154946AC6F3}
		{0AE4627E-B8F2-454E-BDFD-BB56BB00D72A} = {A26F344D-182E-CE53-AD51-2154946AC6F3}
		{221163FD-29AA-4691-B919-205BEB023AA1} = {A26F344D-182E-CE53-AD51-2154946AC6F3}
		{F014BCB8-5062-4477-8259-9269CB7DF1FC} = {A26F344D-182E-CE53-AD51-2154946AC6F3}
		{BCA51985-DE02-49A1-B30F-F6D8628C2972} = {A26F344D-182E-CE53-AD51-2154946AC6F3}
		{F76A4D96-877B-5F50-AF00-5E9467FFFDF0} = {EC447DCF-ABFA-6E24-52A5-D7FD48A5C558}
		{8DF34BBC-0E9B-4328-A881-3D049B038062} = {F76A4D96-877B-5F50-AF00-5E9467FFFDF0}
		{DBCF1637-B499-43D8-88CA-B318BCD41A59} = {F76A4D96-877B-5F50-AF00-5E9467FFFDF0}
		{AB909197-49A4-4012-A52A-268F35FC4570} = {F76A4D96-877B-5F50-AF00-5E9467FFFDF0}
		{CAD444B9-7B93-4D03-BC7F-689E95BBC20E} = {F76A4D96-877B-5F50-AF00-5E9467FFFDF0}
		{EB91A266-A1F3-45C3-BB09-457DE03B8832} = {F76A4D96-877B-5F50-AF00-5E9467FFFDF0}
		{A9AEA8BE-78BD-9A3A-C716-FB02491DCB49} = {EC447DCF-ABFA-6E24-52A5-D7FD48A5C558}
		{F14EFCFE-229E-4ED2-9BDE-001233265553} = {A9AEA8BE-78BD-9A3A-C716-FB02491DCB49}
		{525FABB7-44D0-4B70-BA43-E7B0EA3603AA} = {A9AEA8BE-78BD-9A3A-C716-FB02491DCB49}
		{652C9BC2-88C0-42CC-9BE5-0F18E633759D} = {A9AEA8BE-78BD-9A3A-C716-FB02491DCB49}
		{AC1CB33F-DAA1-4FCD-BACF-C38E08DFEA41} = {A9AEA8BE-78BD-9A3A-C716-FB02491DCB49}
		{7AE890F3-FCE5-417C-8078-ED8311EC5295} = {A9AEA8BE-78BD-9A3A-C716-FB02491DCB49}
		{1656CB11-2714-42E5-B9E9-E2E9409AA44F} = {EC447DCF-ABFA-6E24-52A5-D7FD48A5C558}
		{4E8E3B2F-99A9-48C4-BEF1-E491F2843CDF} = {1656CB11-2714-42E5-B9E9-E2E9409AA44F}
		{25982B7C-ADB8-41EE-B1C3-7C759DF3E946} = {1656CB11-2714-42E5-B9E9-E2E9409AA44F}
		{3A18CC31-D49C-4C99-AE62-03FE097C6376} = {1656CB11-2714-42E5-B9E9-E2E9409AA44F}
		{F3BF3E69-A9F5-4544-8381-B7EB13FA178F} = {1656CB11-2714-42E5-B9E9-E2E9409AA44F}
		{B6C45E6A-76CE-476F-80A8-98136D4BE631} = {1656CB11-2714-42E5-B9E9-E2E9409AA44F}
		{312853C6-0962-4AF9-A56E-541FE4931CAA} = {F76A4D96-877B-5F50-AF00-5E9467FFFDF0}
		{027E44F9-DE9D-4174-A4B9-85E7DE61532A} = {A26F344D-182E-CE53-AD51-2154946AC6F3}
		{C68AFA5D-4DB1-45BC-AD10-A3D55F10DAD5} = {A9AEA8BE-78BD-9A3A-C716-FB02491DCB49}
		{C9B9BECD-8BF4-4BB1-A329-1309646EFBF2} = {1656CB11-2714-42E5-B9E9-E2E9409AA44F}
		{DE9DAF8A-E684-0FD3-FFDC-40D3E3158533} = {EC447DCF-ABFA-6E24-52A5-D7FD48A5C558}
		{D99B5862-9EC2-42E7-A513-C2D12CA053E7} = {DE9DAF8A-E684-0FD3-FFDC-40D3E3158533}
		{77C327BA-E621-4B9A-9896-1275F9616E22} = {DE9DAF8A-E684-0FD3-FFDC-40D3E3158533}
		{5839DE2E-34F7-4C07-A3BE-A8F2C3835314} = {DE9DAF8A-E684-0FD3-FFDC-40D3E3158533}
		{5A296592-46EE-4928-90A2-9D959DC5F6BC} = {DE9DAF8A-E684-0FD3-FFDC-40D3E3158533}
		{2227224C-D40B-4E6D-A84E-2DE2B1561FAA} = {DE9DAF8A-E684-0FD3-FFDC-40D3E3158533}
		{D9F492CA-8110-4C7F-8619-7B36B0D8D44A} = {DE9DAF8A-E684-0FD3-FFDC-40D3E3158533}
	EndGlobalSection
EndGlobal
